
Microsoft Visual Studio Solution File, Format Version 12.00
# Visual Studio 15
VisualStudioVersion = 15.0.27703.2000
MinimumVisualStudioVersion = 10.0.40219.1
Project("{FAE04EC0-301F-11D3-BF4B-00C04F79EFBC}") = "Platform game", "Platform game\Platform game.csproj", "{8E9875BC-AC8C-4785-B7D3-75E915BDEAD2}"
EndProject
Global
	GlobalSection(SolutionConfigurationPlatforms) = preSolution
		Debug|x86 = Debug|x86
		Release|x86 = Release|x86
	EndGlobalSection
	GlobalSection(ProjectConfigurationPlatforms) = postSolution
		{8E9875BC-AC8C-4785-B7D3-75E915BDEAD2}.Debug|x86.ActiveCfg = Debug|x86
		{8E9875BC-AC8C-4785-B7D3-75E915BDEAD2}.Debug|x86.Build.0 = Debug|x86
		{8E9875BC-AC8C-4785-B7D3-75E915BDEAD2}.Release|x86.ActiveCfg = Release|x86
		{8E9875BC-AC8C-4785-B7D3-75E915BDEAD2}.Release|x86.Build.0 = Release|x86
	EndGlobalSection
	GlobalSection(SolutionProperties) = preSolution
		HideSolutionNode = FALSE
	EndGlobalSection
	GlobalSection(ExtensibilityGlobals) = postSolution
		SolutionGuid = {9A518E94-9969-4354-9118-9D224FDC2781}
	EndGlobalSection
EndGlobal
